
Microsoft Visual Studio Solution File, Format Version 12.00
# Visual Studio 14
VisualStudioVersion = 14.0.25420.1
MinimumVisualStudioVersion = 10.0.40219.1
Project("{F184B08F-C81C-45F6-A57F-5ABD9991F28F}") = "RTSP_Streaming", "RTSP_Streaming.vbproj", "{DBD8238A-833C-48F5-9F2A-764C12EF8EDE}"
EndProject
Global
	GlobalSection(SolutionConfigurationPlatforms) = preSolution
		Debug|Any CPU = Debug|Any CPU
		Release|Any CPU = Release|Any CPU
	EndGlobalSection
	GlobalSection(ProjectConfigurationPlatforms) = postSolution
		{DBD8238A-833C-48F5-9F2A-764C12EF8EDE}.Debug|Any CPU.ActiveCfg = Debug|Any CPU
		{DBD8238A-833C-48F5-9F2A-764C12EF8EDE}.Debug|Any CPU.Build.0 = Debug|Any CPU
		{DBD8238A-833C-48F5-9F2A-764C12EF8EDE}.Release|Any CPU.ActiveCfg = Release|Any CPU
		{DBD8238A-833C-48F5-9F2A-764C12EF8EDE}.Release|Any CPU.Build.0 = Release|Any CPU
	EndGlobalSection
	GlobalSection(SolutionProperties) = preSolution
		HideSolutionNode = FALSE
	EndGlobalSection
EndGlobal
